{
  "pins" : [
    {
      "identity" : "dominantcolors",
      "kind" : "remoteSourceControl",
      "location" : "https://github.com/DenDmitriev/DominantColors.git",
      "state" : {
        "revision" : "85fc8f8d304d0de6e48216f482755b33f34b7180",
        "version" : "1.1.1"
      }
    }
  ],
  "version" : 2
}
