{
  "pins" : [
    {
      "identity" : "dominantcolors",
      "kind" : "remoteSourceControl",
      "location" : "https://github.com/DenDmitriev/DominantColors",
      "state" : {
        "revision" : "c813e960f2de993b0cc7e6fe51104a2d09db4cec",
        "version" : "1.1.7"
      }
    }
  ],
  "version" : 2
}
