// !$*UTF8*$!
{
	archiveVersion = 1;
	classes = {
	};
	objectVersion = 56;
	objects = {

/* Begin PBXBuildFile section */
		95D183752AB9C64700134477 /* ImageColorsApp.swift in Sources */ = {isa = PBXBuildFile; fileRef = 95D183742AB9C64700134477 /* ImageColorsApp.swift */; };
		95D183772AB9C64700134477 /* ContentView.swift in Sources */ = {isa = PBXBuildFile; fileRef = 95D183762AB9C64700134477 /* ContentView.swift */; };
		95D183792AB9C64700134477 /* Assets.xcassets in Resources */ = {isa = PBXBuildFile; fileRef = 95D183782AB9C64700134477 /* Assets.xcassets */; };
		95D1837C2AB9C64700134477 /* Preview Assets.xcassets in Resources */ = {isa = PBXBuildFile; fileRef = 95D1837B2AB9C64700134477 /* Preview Assets.xcassets */; };
		95D183842AB9C66800134477 /* ImageColorsView.swift in Sources */ = {isa = PBXBuildFile; fileRef = 95D183832AB9C66800134477 /* ImageColorsView.swift */; };
		95D183862AB9C67600134477 /* ImageColorsModel.swift in Sources */ = {isa = PBXBuildFile; fileRef = 95D183852AB9C67600134477 /* ImageColorsModel.swift */; };
		95D183882AB9C7CA00134477 /* ColorPaletteView.swift in Sources */ = {isa = PBXBuildFile; fileRef = 95D183872AB9C7CA00134477 /* ColorPaletteView.swift */; };
		95D1838B2AB9CA9C00134477 /* DominantColors in Frameworks */ = {isa = PBXBuildFile; productRef = 95D1838A2AB9CA9C00134477 /* DominantColors */; };
		95D1838D2AB9EEF200134477 /* ImageColorsError.swift in Sources */ = {isa = PBXBuildFile; fileRef = 95D1838C2AB9EEF200134477 /* ImageColorsError.swift */; };
		95D1838F2AB9F2F700134477 /* DominantColorAlgorithmExtension.swift in Sources */ = {isa = PBXBuildFile; fileRef = 95D1838E2AB9F2F700134477 /* DominantColorAlgorithmExtension.swift */; };
		95D183912AB9FC5A00134477 /* DeltaEFormulaExtension.swift in Sources */ = {isa = PBXBuildFile; fileRef = 95D183902AB9FC5A00134477 /* DeltaEFormulaExtension.swift */; };
/* End PBXBuildFile section */

/* Begin PBXFileReference section */
		95D183712AB9C64700134477 /* ImageColors.app */ = {isa = PBXFileReference; explicitFileType = wrapper.application; includeInIndex = 0; path = ImageColors.app; sourceTree = BUILT_PRODUCTS_DIR; };
		95D183742AB9C64700134477 /* ImageColorsApp.swift */ = {isa = PBXFileReference; lastKnownFileType = sourcecode.swift; path = ImageColorsApp.swift; sourceTree = "<group>"; };
		95D183762AB9C64700134477 /* ContentView.swift */ = {isa = PBXFileReference; lastKnownFileType = sourcecode.swift; path = ContentView.swift; sourceTree = "<group>"; };
		95D183782AB9C64700134477 /* Assets.xcassets */ = {isa = PBXFileReference; lastKnownFileType = folder.assetcatalog; path = Assets.xcassets; sourceTree = "<group>"; };
		95D1837B2AB9C64700134477 /* Preview Assets.xcassets */ = {isa = PBXFileReference; lastKnownFileType = folder.assetcatalog; path = "Preview Assets.xcassets"; sourceTree = "<group>"; };
		95D1837D2AB9C64700134477 /* ImageColors.entitlements */ = {isa = PBXFileReference; lastKnownFileType = text.plist.entitlements; path = ImageColors.entitlements; sourceTree = "<group>"; };
		95D183832AB9C66800134477 /* ImageColorsView.swift */ = {isa = PBXFileReference; lastKnownFileType = sourcecode.swift; path = ImageColorsView.swift; sourceTree = "<group>"; };
		95D183852AB9C67600134477 /* ImageColorsModel.swift */ = {isa = PBXFileReference; lastKnownFileType = sourcecode.swift; path = ImageColorsModel.swift; sourceTree = "<group>"; };
		95D183872AB9C7CA00134477 /* ColorPaletteView.swift */ = {isa = PBXFileReference; lastKnownFileType = sourcecode.swift; path = ColorPaletteView.swift; sourceTree = "<group>"; };
		95D1838C2AB9EEF200134477 /* ImageColorsError.swift */ = {isa = PBXFileReference; lastKnownFileType = sourcecode.swift; path = ImageColorsError.swift; sourceTree = "<group>"; };
		95D1838E2AB9F2F700134477 /* DominantColorAlgorithmExtension.swift */ = {isa = PBXFileReference; lastKnownFileType = sourcecode.swift; path = DominantColorAlgorithmExtension.swift; sourceTree = "<group>"; };
		95D183902AB9FC5A00134477 /* DeltaEFormulaExtension.swift */ = {isa = PBXFileReference; lastKnownFileType = sourcecode.swift; path = DeltaEFormulaExtension.swift; sourceTree = "<group>"; };
/* End PBXFileReference section */

/* Begin PBXFrameworksBuildPhase section */
		95D1836E2AB9C64700134477 /* Frameworks */ = {
			isa = PBXFrameworksBuildPhase;
			buildActionMask = 2147483647;
			files = (
				95D1838B2AB9CA9C00134477 /* DominantColors in Frameworks */,
			);
			runOnlyForDeploymentPostprocessing = 0;
		};
/* End PBXFrameworksBuildPhase section */

/* Begin PBXGroup section */
		95D183682AB9C64700134477 = {
			isa = PBXGroup;
			children = (
				95D183732AB9C64700134477 /* ImageColors */,
				95D183722AB9C64700134477 /* Products */,
			);
			sourceTree = "<group>";
		};
		95D183722AB9C64700134477 /* Products */ = {
			isa = PBXGroup;
			children = (
				95D183712AB9C64700134477 /* ImageColors.app */,
			);
			name = Products;
			sourceTree = "<group>";
		};
		95D183732AB9C64700134477 /* ImageColors */ = {
			isa = PBXGroup;
			children = (
				95D183742AB9C64700134477 /* ImageColorsApp.swift */,
				95D183942AB9FD8100134477 /* Model */,
				95D183932AB9FD7600134477 /* View */,
				95D183922AB9FD6B00134477 /* Extensions */,
				95D183952AB9FD8B00134477 /* Error */,
				95D183782AB9C64700134477 /* Assets.xcassets */,
				95D1837D2AB9C64700134477 /* ImageColors.entitlements */,
				95D1837A2AB9C64700134477 /* Preview Content */,
			);
			path = ImageColors;
			sourceTree = "<group>";
		};
		95D1837A2AB9C64700134477 /* Preview Content */ = {
			isa = PBXGroup;
			children = (
				95D1837B2AB9C64700134477 /* Preview Assets.xcassets */,
			);
			path = "Preview Content";
			sourceTree = "<group>";
		};
		95D183922AB9FD6B00134477 /* Extensions */ = {
			isa = PBXGroup;
			children = (
				95D1838E2AB9F2F700134477 /* DominantColorAlgorithmExtension.swift */,
				95D183902AB9FC5A00134477 /* DeltaEFormulaExtension.swift */,
			);
			path = Extensions;
			sourceTree = "<group>";
		};
		95D183932AB9FD7600134477 /* View */ = {
			isa = PBXGroup;
			children = (
				95D183762AB9C64700134477 /* ContentView.swift */,
				95D183832AB9C66800134477 /* ImageColorsView.swift */,
				95D183872AB9C7CA00134477 /* ColorPaletteView.swift */,
			);
			path = View;
			sourceTree = "<group>";
		};
		95D183942AB9FD8100134477 /* Model */ = {
			isa = PBXGroup;
			children = (
				95D183852AB9C67600134477 /* ImageColorsModel.swift */,
			);
			path = Model;
			sourceTree = "<group>";
		};
		95D183952AB9FD8B00134477 /* Error */ = {
			isa = PBXGroup;
			children = (
				95D1838C2AB9EEF200134477 /* ImageColorsError.swift */,
			);
			path = Error;
			sourceTree = "<group>";
		};
/* End PBXGroup section */

/* Begin PBXNativeTarget section */
		95D183702AB9C64700134477 /* ImageColors */ = {
			isa = PBXNativeTarget;
			buildConfigurationList = 95D183802AB9C64700134477 /* Build configuration list for PBXNativeTarget "ImageColors" */;
			buildPhases = (
				95D1836D2AB9C64700134477 /* Sources */,
				95D1836E2AB9C64700134477 /* Frameworks */,
				95D1836F2AB9C64700134477 /* Resources */,
			);
			buildRules = (
			);
			dependencies = (
			);
			name = ImageColors;
			packageProductDependencies = (
				95D1838A2AB9CA9C00134477 /* DominantColors */,
			);
			productName = ImageColors;
			productReference = 95D183712AB9C64700134477 /* ImageColors.app */;
			productType = "com.apple.product-type.application";
		};
/* End PBXNativeTarget section */

/* Begin PBXProject section */
		95D183692AB9C64700134477 /* Project object */ = {
			isa = PBXProject;
			attributes = {
				BuildIndependentTargetsInParallel = 1;
				LastSwiftUpdateCheck = 1430;
				LastUpgradeCheck = 1430;
				TargetAttributes = {
					95D183702AB9C64700134477 = {
						CreatedOnToolsVersion = 14.3.1;
					};
				};
			};
			buildConfigurationList = 95D1836C2AB9C64700134477 /* Build configuration list for PBXProject "ImageColors" */;
			compatibilityVersion = "Xcode 14.0";
			developmentRegion = en;
			hasScannedForEncodings = 0;
			knownRegions = (
				en,
				Base,
			);
			mainGroup = 95D183682AB9C64700134477;
			packageReferences = (
				95D183892AB9CA9C00134477 /* XCRemoteSwiftPackageReference "DominantColors" */,
			);
			productRefGroup = 95D183722AB9C64700134477 /* Products */;
			projectDirPath = "";
			projectRoot = "";
			targets = (
				95D183702AB9C64700134477 /* ImageColors */,
			);
		};
/* End PBXProject section */

/* Begin PBXResourcesBuildPhase section */
		95D1836F2AB9C64700134477 /* Resources */ = {
			isa = PBXResourcesBuildPhase;
			buildActionMask = 2147483647;
			files = (
				95D1837C2AB9C64700134477 /* Preview Assets.xcassets in Resources */,
				95D183792AB9C64700134477 /* Assets.xcassets in Resources */,
			);
			runOnlyForDeploymentPostprocessing = 0;
		};
/* End PBXResourcesBuildPhase section */

/* Begin PBXSourcesBuildPhase section */
		95D1836D2AB9C64700134477 /* Sources */ = {
			isa = PBXSourcesBuildPhase;
			buildActionMask = 2147483647;
			files = (
				95D1838F2AB9F2F700134477 /* DominantColorAlgorithmExtension.swift in Sources */,
				95D183912AB9FC5A00134477 /* DeltaEFormulaExtension.swift in Sources */,
				95D183772AB9C64700134477 /* ContentView.swift in Sources */,
				95D183882AB9C7CA00134477 /* ColorPaletteView.swift in Sources */,
				95D1838D2AB9EEF200134477 /* ImageColorsError.swift in Sources */,
				95D183752AB9C64700134477 /* ImageColorsApp.swift in Sources */,
				95D183842AB9C66800134477 /* ImageColorsView.swift in Sources */,
				95D183862AB9C67600134477 /* ImageColorsModel.swift in Sources */,
			);
			runOnlyForDeploymentPostprocessing = 0;
		};
/* End PBXSourcesBuildPhase section */

/* Begin XCBuildConfiguration section */
		95D1837E2AB9C64700134477 /* Debug */ = {
			isa = XCBuildConfiguration;
			buildSettings = {
				ALWAYS_SEARCH_USER_PATHS = NO;
				CLANG_ANALYZER_NONNULL = YES;
				CLANG_ANALYZER_NUMBER_OBJECT_CONVERSION = YES_AGGRESSIVE;
				CLANG_CXX_LANGUAGE_STANDARD = "gnu++20";
				CLANG_ENABLE_MODULES = YES;
				CLANG_ENABLE_OBJC_ARC = YES;
				CLANG_ENABLE_OBJC_WEAK = YES;
				CLANG_WARN_BLOCK_CAPTURE_AUTORELEASING = YES;
				CLANG_WARN_BOOL_CONVERSION = YES;
				CLANG_WARN_COMMA = YES;
				CLANG_WARN_CONSTANT_CONVERSION = YES;
				CLANG_WARN_DEPRECATED_OBJC_IMPLEMENTATIONS = YES;
				CLANG_WARN_DIRECT_OBJC_ISA_USAGE = YES_ERROR;
				CLANG_WARN_DOCUMENTATION_COMMENTS = YES;
				CLANG_WARN_EMPTY_BODY = YES;
				CLANG_WARN_ENUM_CONVERSION = YES;
				CLANG_WARN_INFINITE_RECURSION = YES;
				CLANG_WARN_INT_CONVERSION = YES;
				CLANG_WARN_NON_LITERAL_NULL_CONVERSION = YES;
				CLANG_WARN_OBJC_IMPLICIT_RETAIN_SELF = YES;
				CLANG_WARN_OBJC_LITERAL_CONVERSION = YES;
				CLANG_WARN_OBJC_ROOT_CLASS = YES_ERROR;
				CLANG_WARN_QUOTED_INCLUDE_IN_FRAMEWORK_HEADER = YES;
				CLANG_WARN_RANGE_LOOP_ANALYSIS = YES;
				CLANG_WARN_STRICT_PROTOTYPES = YES;
				CLANG_WARN_SUSPICIOUS_MOVE = YES;
				CLANG_WARN_UNGUARDED_AVAILABILITY = YES_AGGRESSIVE;
				CLANG_WARN_UNREACHABLE_CODE = YES;
				CLANG_WARN__DUPLICATE_METHOD_MATCH = YES;
				COPY_PHASE_STRIP = NO;
				DEBUG_INFORMATION_FORMAT = dwarf;
				ENABLE_STRICT_OBJC_MSGSEND = YES;
				ENABLE_TESTABILITY = YES;
				GCC_C_LANGUAGE_STANDARD = gnu11;
				GCC_DYNAMIC_NO_PIC = NO;
				GCC_NO_COMMON_BLOCKS = YES;
				GCC_OPTIMIZATION_LEVEL = 0;
				GCC_PREPROCESSOR_DEFINITIONS = (
					"DEBUG=1",
					"$(inherited)",
				);
				GCC_WARN_64_TO_32_BIT_CONVERSION = YES;
				GCC_WARN_ABOUT_RETURN_TYPE = YES_ERROR;
				GCC_WARN_UNDECLARED_SELECTOR = YES;
				GCC_WARN_UNINITIALIZED_AUTOS = YES_AGGRESSIVE;
				GCC_WARN_UNUSED_FUNCTION = YES;
				GCC_WARN_UNUSED_VARIABLE = YES;
				MACOSX_DEPLOYMENT_TARGET = 13.3;
				MTL_ENABLE_DEBUG_INFO = INCLUDE_SOURCE;
				MTL_FAST_MATH = YES;
				ONLY_ACTIVE_ARCH = YES;
				SDKROOT = macosx;
				SWIFT_ACTIVE_COMPILATION_CONDITIONS = DEBUG;
				SWIFT_OPTIMIZATION_LEVEL = "-Onone";
			};
			name = Debug;
		};
		95D1837F2AB9C64700134477 /* Release */ = {
			isa = XCBuildConfiguration;
			buildSettings = {
				ALWAYS_SEARCH_USER_PATHS = NO;
				CLANG_ANALYZER_NONNULL = YES;
				CLANG_ANALYZER_NUMBER_OBJECT_CONVERSION = YES_AGGRESSIVE;
				CLANG_CXX_LANGUAGE_STANDARD = "gnu++20";
				CLANG_ENABLE_MODULES = YES;
				CLANG_ENABLE_OBJC_ARC = YES;
				CLANG_ENABLE_OBJC_WEAK = YES;
				CLANG_WARN_BLOCK_CAPTURE_AUTORELEASING = YES;
				CLANG_WARN_BOOL_CONVERSION = YES;
				CLANG_WARN_COMMA = YES;
				CLANG_WARN_CONSTANT_CONVERSION = YES;
				CLANG_WARN_DEPRECATED_OBJC_IMPLEMENTATIONS = YES;
				CLANG_WARN_DIRECT_OBJC_ISA_USAGE = YES_ERROR;
				CLANG_WARN_DOCUMENTATION_COMMENTS = YES;
				CLANG_WARN_EMPTY_BODY = YES;
				CLANG_WARN_ENUM_CONVERSION = YES;
				CLANG_WARN_INFINITE_RECURSION = YES;
				CLANG_WARN_INT_CONVERSION = YES;
				CLANG_WARN_NON_LITERAL_NULL_CONVERSION = YES;
				CLANG_WARN_OBJC_IMPLICIT_RETAIN_SELF = YES;
				CLANG_WARN_OBJC_LITERAL_CONVERSION = YES;
				CLANG_WARN_OBJC_ROOT_CLASS = YES_ERROR;
				CLANG_WARN_QUOTED_INCLUDE_IN_FRAMEWORK_HEADER = YES;
				CLANG_WARN_RANGE_LOOP_ANALYSIS = YES;
				CLANG_WARN_STRICT_PROTOTYPES = YES;
				CLANG_WARN_SUSPICIOUS_MOVE = YES;
				CLANG_WARN_UNGUARDED_AVAILABILITY = YES_AGGRESSIVE;
				CLANG_WARN_UNREACHABLE_CODE = YES;
				CLANG_WARN__DUPLICATE_METHOD_MATCH = YES;
				COPY_PHASE_STRIP = NO;
				DEBUG_INFORMATION_FORMAT = "dwarf-with-dsym";
				ENABLE_NS_ASSERTIONS = NO;
				ENABLE_STRICT_OBJC_MSGSEND = YES;
				GCC_C_LANGUAGE_STANDARD = gnu11;
				GCC_NO_COMMON_BLOCKS = YES;
				GCC_WARN_64_TO_32_BIT_CONVERSION = YES;
				GCC_WARN_ABOUT_RETURN_TYPE = YES_ERROR;
				GCC_WARN_UNDECLARED_SELECTOR = YES;
				GCC_WARN_UNINITIALIZED_AUTOS = YES_AGGRESSIVE;
				GCC_WARN_UNUSED_FUNCTION = YES;
				GCC_WARN_UNUSED_VARIABLE = YES;
				MACOSX_DEPLOYMENT_TARGET = 13.3;
				MTL_ENABLE_DEBUG_INFO = NO;
				MTL_FAST_MATH = YES;
				SDKROOT = macosx;
				SWIFT_COMPILATION_MODE = wholemodule;
				SWIFT_OPTIMIZATION_LEVEL = "-O";
			};
			name = Release;
		};
		95D183812AB9C64700134477 /* Debug */ = {
			isa = XCBuildConfiguration;
			buildSettings = {
				ASSETCATALOG_COMPILER_APPICON_NAME = AppIcon;
				ASSETCATALOG_COMPILER_GLOBAL_ACCENT_COLOR_NAME = AccentColor;
				CODE_SIGN_ENTITLEMENTS = ImageColors/ImageColors.entitlements;
				CODE_SIGN_STYLE = Automatic;
				COMBINE_HIDPI_IMAGES = YES;
				CURRENT_PROJECT_VERSION = 1;
				DEVELOPMENT_ASSET_PATHS = "\"ImageColors/Preview Content\"";
				DEVELOPMENT_TEAM = TNTX3799P3;
				ENABLE_HARDENED_RUNTIME = YES;
				ENABLE_PREVIEWS = YES;
				GENERATE_INFOPLIST_FILE = YES;
				INFOPLIST_KEY_NSHumanReadableCopyright = "";
				LD_RUNPATH_SEARCH_PATHS = (
					"$(inherited)",
					"@executable_path/../Frameworks",
				);
				MARKETING_VERSION = 1.0;
				PRODUCT_BUNDLE_IDENTIFIER = DenisDmitriev.ImageColors;
				PRODUCT_NAME = "$(TARGET_NAME)";
				SWIFT_EMIT_LOC_STRINGS = YES;
				SWIFT_VERSION = 5.0;
			};
			name = Debug;
		};
		95D183822AB9C64700134477 /* Release */ = {
			isa = XCBuildConfiguration;
			buildSettings = {
				ASSETCATALOG_COMPILER_APPICON_NAME = AppIcon;
				ASSETCATALOG_COMPILER_GLOBAL_ACCENT_COLOR_NAME = AccentColor;
				CODE_SIGN_ENTITLEMENTS = ImageColors/ImageColors.entitlements;
				CODE_SIGN_STYLE = Automatic;
				COMBINE_HIDPI_IMAGES = YES;
				CURRENT_PROJECT_VERSION = 1;
				DEVELOPMENT_ASSET_PATHS = "\"ImageColors/Preview Content\"";
				DEVELOPMENT_TEAM = TNTX3799P3;
				ENABLE_HARDENED_RUNTIME = YES;
				ENABLE_PREVIEWS = YES;
				GENERATE_INFOPLIST_FILE = YES;
				INFOPLIST_KEY_NSHumanReadableCopyright = "";
				LD_RUNPATH_SEARCH_PATHS = (
					"$(inherited)",
					"@executable_path/../Frameworks",
				);
				MARKETING_VERSION = 1.0;
				PRODUCT_BUNDLE_IDENTIFIER = DenisDmitriev.ImageColors;
				PRODUCT_NAME = "$(TARGET_NAME)";
				SWIFT_EMIT_LOC_STRINGS = YES;
				SWIFT_VERSION = 5.0;
			};
			name = Release;
		};
/* End XCBuildConfiguration section */

/* Begin XCConfigurationList section */
		95D1836C2AB9C64700134477 /* Build configuration list for PBXProject "ImageColors" */ = {
			isa = XCConfigurationList;
			buildConfigurations = (
				95D1837E2AB9C64700134477 /* Debug */,
				95D1837F2AB9C64700134477 /* Release */,
			);
			defaultConfigurationIsVisible = 0;
			defaultConfigurationName = Release;
		};
		95D183802AB9C64700134477 /* Build configuration list for PBXNativeTarget "ImageColors" */ = {
			isa = XCConfigurationList;
			buildConfigurations = (
				95D183812AB9C64700134477 /* Debug */,
				95D183822AB9C64700134477 /* Release */,
			);
			defaultConfigurationIsVisible = 0;
			defaultConfigurationName = Release;
		};
/* End XCConfigurationList section */

/* Begin XCRemoteSwiftPackageReference section */
		95D183892AB9CA9C00134477 /* XCRemoteSwiftPackageReference "DominantColors" */ = {
			isa = XCRemoteSwiftPackageReference;
			repositoryURL = "https://github.com/DenDmitriev/DominantColors.git";
			requirement = {
				kind = upToNextMajorVersion;
				minimumVersion = 1.1.1;
			};
		};
/* End XCRemoteSwiftPackageReference section */

/* Begin XCSwiftPackageProductDependency section */
		95D1838A2AB9CA9C00134477 /* DominantColors */ = {
			isa = XCSwiftPackageProductDependency;
			package = 95D183892AB9CA9C00134477 /* XCRemoteSwiftPackageReference "DominantColors" */;
			productName = DominantColors;
		};
/* End XCSwiftPackageProductDependency section */
	};
	rootObject = 95D183692AB9C64700134477 /* Project object */;
}
