{
  "pins" : [
    {
      "identity" : "dominantcolors",
      "kind" : "remoteSourceControl",
      "location" : "https://github.com/DenDmitriev/DominantColors",
      "state" : {
        "branch" : "add-support-gray-gamma",
        "revision" : "1c4895333b69addc2d8da9331006fa88324cb8db"
      }
    }
  ],
  "version" : 2
}
