{
  "pins" : [
    {
      "identity" : "dominantcolors",
      "kind" : "remoteSourceControl",
      "location" : "https://github.com/DenDmitriev/DominantColors",
      "state" : {
        "branch" : "add-support-gray-gamma",
        "revision" : "087cb58ca046c911fd8a43d9f9c34d233806893c"
      }
    }
  ],
  "version" : 2
}
