{
  "pins" : [
    {
      "identity" : "dominantcolors",
      "kind" : "remoteSourceControl",
      "location" : "https://github.com/DenDmitriev/DominantColors",
      "state" : {
        "branch" : "main",
        "revision" : "32520ea49b3fe2873d38be35e3a90f7349227933"
      }
    }
  ],
  "version" : 2
}
