{
  "pins" : [
    {
      "identity" : "dominantcolors",
      "kind" : "remoteSourceControl",
      "location" : "https://github.com/DenDmitriev/DominantColors",
      "state" : {
        "revision" : "6f30d93a84f5fc518f4b4f729619f0eb0f7c4f1b",
        "version" : "1.1.2"
      }
    }
  ],
  "version" : 2
}
