// !$*UTF8*$!
{
	archiveVersion = 1;
	classes = {
	};
	objectVersion = 56;
	objects = {

/* Begin PBXBuildFile section */
		952BFD402BBEBC1200AF57DD /* iOSDemoDominationColorApp.swift in Sources */ = {isa = PBXBuildFile; fileRef = 952BFD3F2BBEBC1200AF57DD /* iOSDemoDominationColorApp.swift */; };
		952BFD422BBEBC1200AF57DD /* ContentView.swift in Sources */ = {isa = PBXBuildFile; fileRef = 952BFD412BBEBC1200AF57DD /* ContentView.swift */; };
		952BFD442BBEBC1300AF57DD /* Assets.xcassets in Resources */ = {isa = PBXBuildFile; fileRef = 952BFD432BBEBC1300AF57DD /* Assets.xcassets */; };
		952BFD472BBEBC1300AF57DD /* Preview Assets.xcassets in Resources */ = {isa = PBXBuildFile; fileRef = 952BFD462BBEBC1300AF57DD /* Preview Assets.xcassets */; };
		952BFD572BBEBEDF00AF57DD /* DominantColors in Frameworks */ = {isa = PBXBuildFile; productRef = 952BFD562BBEBEDF00AF57DD /* DominantColors */; };
/* End PBXBuildFile section */

/* Begin PBXFileReference section */
		952BFD3C2BBEBC1200AF57DD /* iOSDemoDominationColor.app */ = {isa = PBXFileReference; explicitFileType = wrapper.application; includeInIndex = 0; path = iOSDemoDominationColor.app; sourceTree = BUILT_PRODUCTS_DIR; };
		952BFD3F2BBEBC1200AF57DD /* iOSDemoDominationColorApp.swift */ = {isa = PBXFileReference; lastKnownFileType = sourcecode.swift; path = iOSDemoDominationColorApp.swift; sourceTree = "<group>"; };
		952BFD412BBEBC1200AF57DD /* ContentView.swift */ = {isa = PBXFileReference; lastKnownFileType = sourcecode.swift; path = ContentView.swift; sourceTree = "<group>"; };
		952BFD432BBEBC1300AF57DD /* Assets.xcassets */ = {isa = PBXFileReference; lastKnownFileType = folder.assetcatalog; path = Assets.xcassets; sourceTree = "<group>"; };
		952BFD462BBEBC1300AF57DD /* Preview Assets.xcassets */ = {isa = PBXFileReference; lastKnownFileType = folder.assetcatalog; path = "Preview Assets.xcassets"; sourceTree = "<group>"; };
/* End PBXFileReference section */

/* Begin PBXFrameworksBuildPhase section */
		952BFD392BBEBC1200AF57DD /* Frameworks */ = {
			isa = PBXFrameworksBuildPhase;
			buildActionMask = 2147483647;
			files = (
				952BFD572BBEBEDF00AF57DD /* DominantColors in Frameworks */,
			);
			runOnlyForDeploymentPostprocessing = 0;
		};
/* End PBXFrameworksBuildPhase section */

/* Begin PBXGroup section */
		952BFD332BBEBC1200AF57DD = {
			isa = PBXGroup;
			children = (
				952BFD3E2BBEBC1200AF57DD /* iOSDemoDominationColor */,
				952BFD3D2BBEBC1200AF57DD /* Products */,
			);
			sourceTree = "<group>";
		};
		952BFD3D2BBEBC1200AF57DD /* Products */ = {
			isa = PBXGroup;
			children = (
				952BFD3C2BBEBC1200AF57DD /* iOSDemoDominationColor.app */,
			);
			name = Products;
			sourceTree = "<group>";
		};
		952BFD3E2BBEBC1200AF57DD /* iOSDemoDominationColor */ = {
			isa = PBXGroup;
			children = (
				952BFD3F2BBEBC1200AF57DD /* iOSDemoDominationColorApp.swift */,
				952BFD412BBEBC1200AF57DD /* ContentView.swift */,
				952BFD432BBEBC1300AF57DD /* Assets.xcassets */,
				952BFD452BBEBC1300AF57DD /* Preview Content */,
			);
			path = iOSDemoDominationColor;
			sourceTree = "<group>";
		};
		952BFD452BBEBC1300AF57DD /* Preview Content */ = {
			isa = PBXGroup;
			children = (
				952BFD462BBEBC1300AF57DD /* Preview Assets.xcassets */,
			);
			path = "Preview Content";
			sourceTree = "<group>";
		};
/* End PBXGroup section */

/* Begin PBXNativeTarget section */
		952BFD3B2BBEBC1200AF57DD /* iOSDemoDominationColor */ = {
			isa = PBXNativeTarget;
			buildConfigurationList = 952BFD4F2BBEBC1300AF57DD /* Build configuration list for PBXNativeTarget "iOSDemoDominationColor" */;
			buildPhases = (
				952BFD382BBEBC1200AF57DD /* Sources */,
				952BFD392BBEBC1200AF57DD /* Frameworks */,
				952BFD3A2BBEBC1200AF57DD /* Resources */,
			);
			buildRules = (
			);
			dependencies = (
			);
			name = iOSDemoDominationColor;
			packageProductDependencies = (
				952BFD562BBEBEDF00AF57DD /* DominantColors */,
			);
			productName = iOSDemoDominationColor;
			productReference = 952BFD3C2BBEBC1200AF57DD /* iOSDemoDominationColor.app */;
			productType = "com.apple.product-type.application";
		};
/* End PBXNativeTarget section */

/* Begin PBXProject section */
		952BFD342BBEBC1200AF57DD /* Project object */ = {
			isa = PBXProject;
			attributes = {
				BuildIndependentTargetsInParallel = 1;
				LastSwiftUpdateCheck = 1510;
				LastUpgradeCheck = 1510;
				TargetAttributes = {
					952BFD3B2BBEBC1200AF57DD = {
						CreatedOnToolsVersion = 15.1;
					};
				};
			};
			buildConfigurationList = 952BFD372BBEBC1200AF57DD /* Build configuration list for PBXProject "iOSDemoDominationColor" */;
			compatibilityVersion = "Xcode 14.0";
			developmentRegion = en;
			hasScannedForEncodings = 0;
			knownRegions = (
				en,
				Base,
			);
			mainGroup = 952BFD332BBEBC1200AF57DD;
			packageReferences = (
				952BFD552BBEBEDF00AF57DD /* XCRemoteSwiftPackageReference "DominantColors" */,
			);
			productRefGroup = 952BFD3D2BBEBC1200AF57DD /* Products */;
			projectDirPath = "";
			projectRoot = "";
			targets = (
				952BFD3B2BBEBC1200AF57DD /* iOSDemoDominationColor */,
			);
		};
/* End PBXProject section */

/* Begin PBXResourcesBuildPhase section */
		952BFD3A2BBEBC1200AF57DD /* Resources */ = {
			isa = PBXResourcesBuildPhase;
			buildActionMask = 2147483647;
			files = (
				952BFD472BBEBC1300AF57DD /* Preview Assets.xcassets in Resources */,
				952BFD442BBEBC1300AF57DD /* Assets.xcassets in Resources */,
			);
			runOnlyForDeploymentPostprocessing = 0;
		};
/* End PBXResourcesBuildPhase section */

/* Begin PBXSourcesBuildPhase section */
		952BFD382BBEBC1200AF57DD /* Sources */ = {
			isa = PBXSourcesBuildPhase;
			buildActionMask = 2147483647;
			files = (
				952BFD422BBEBC1200AF57DD /* ContentView.swift in Sources */,
				952BFD402BBEBC1200AF57DD /* iOSDemoDominationColorApp.swift in Sources */,
			);
			runOnlyForDeploymentPostprocessing = 0;
		};
/* End PBXSourcesBuildPhase section */

/* Begin XCBuildConfiguration section */
		952BFD4D2BBEBC1300AF57DD /* Debug */ = {
			isa = XCBuildConfiguration;
			buildSettings = {
				ALWAYS_SEARCH_USER_PATHS = NO;
				ASSETCATALOG_COMPILER_GENERATE_SWIFT_ASSET_SYMBOL_EXTENSIONS = YES;
				CLANG_ANALYZER_NONNULL = YES;
				CLANG_ANALYZER_NUMBER_OBJECT_CONVERSION = YES_AGGRESSIVE;
				CLANG_CXX_LANGUAGE_STANDARD = "gnu++20";
				CLANG_ENABLE_MODULES = YES;
				CLANG_ENABLE_OBJC_ARC = YES;
				CLANG_ENABLE_OBJC_WEAK = YES;
				CLANG_WARN_BLOCK_CAPTURE_AUTORELEASING = YES;
				CLANG_WARN_BOOL_CONVERSION = YES;
				CLANG_WARN_COMMA = YES;
				CLANG_WARN_CONSTANT_CONVERSION = YES;
				CLANG_WARN_DEPRECATED_OBJC_IMPLEMENTATIONS = YES;
				CLANG_WARN_DIRECT_OBJC_ISA_USAGE = YES_ERROR;
				CLANG_WARN_DOCUMENTATION_COMMENTS = YES;
				CLANG_WARN_EMPTY_BODY = YES;
				CLANG_WARN_ENUM_CONVERSION = YES;
				CLANG_WARN_INFINITE_RECURSION = YES;
				CLANG_WARN_INT_CONVERSION = YES;
				CLANG_WARN_NON_LITERAL_NULL_CONVERSION = YES;
				CLANG_WARN_OBJC_IMPLICIT_RETAIN_SELF = YES;
				CLANG_WARN_OBJC_LITERAL_CONVERSION = YES;
				CLANG_WARN_OBJC_ROOT_CLASS = YES_ERROR;
				CLANG_WARN_QUOTED_INCLUDE_IN_FRAMEWORK_HEADER = YES;
				CLANG_WARN_RANGE_LOOP_ANALYSIS = YES;
				CLANG_WARN_STRICT_PROTOTYPES = YES;
				CLANG_WARN_SUSPICIOUS_MOVE = YES;
				CLANG_WARN_UNGUARDED_AVAILABILITY = YES_AGGRESSIVE;
				CLANG_WARN_UNREACHABLE_CODE = YES;
				CLANG_WARN__DUPLICATE_METHOD_MATCH = YES;
				COPY_PHASE_STRIP = NO;
				DEBUG_INFORMATION_FORMAT = dwarf;
				ENABLE_STRICT_OBJC_MSGSEND = YES;
				ENABLE_TESTABILITY = YES;
				ENABLE_USER_SCRIPT_SANDBOXING = YES;
				GCC_C_LANGUAGE_STANDARD = gnu17;
				GCC_DYNAMIC_NO_PIC = NO;
				GCC_NO_COMMON_BLOCKS = YES;
				GCC_OPTIMIZATION_LEVEL = 0;
				GCC_PREPROCESSOR_DEFINITIONS = (
					"DEBUG=1",
					"$(inherited)",
				);
				GCC_WARN_64_TO_32_BIT_CONVERSION = YES;
				GCC_WARN_ABOUT_RETURN_TYPE = YES_ERROR;
				GCC_WARN_UNDECLARED_SELECTOR = YES;
				GCC_WARN_UNINITIALIZED_AUTOS = YES_AGGRESSIVE;
				GCC_WARN_UNUSED_FUNCTION = YES;
				GCC_WARN_UNUSED_VARIABLE = YES;
				IPHONEOS_DEPLOYMENT_TARGET = 17.2;
				LOCALIZATION_PREFERS_STRING_CATALOGS = YES;
				MTL_ENABLE_DEBUG_INFO = INCLUDE_SOURCE;
				MTL_FAST_MATH = YES;
				ONLY_ACTIVE_ARCH = YES;
				SDKROOT = iphoneos;
				SWIFT_ACTIVE_COMPILATION_CONDITIONS = "DEBUG $(inherited)";
				SWIFT_OPTIMIZATION_LEVEL = "-Onone";
			};
			name = Debug;
		};
		952BFD4E2BBEBC1300AF57DD /* Release */ = {
			isa = XCBuildConfiguration;
			buildSettings = {
				ALWAYS_SEARCH_USER_PATHS = NO;
				ASSETCATALOG_COMPILER_GENERATE_SWIFT_ASSET_SYMBOL_EXTENSIONS = YES;
				CLANG_ANALYZER_NONNULL = YES;
				CLANG_ANALYZER_NUMBER_OBJECT_CONVERSION = YES_AGGRESSIVE;
				CLANG_CXX_LANGUAGE_STANDARD = "gnu++20";
				CLANG_ENABLE_MODULES = YES;
				CLANG_ENABLE_OBJC_ARC = YES;
				CLANG_ENABLE_OBJC_WEAK = YES;
				CLANG_WARN_BLOCK_CAPTURE_AUTORELEASING = YES;
				CLANG_WARN_BOOL_CONVERSION = YES;
				CLANG_WARN_COMMA = YES;
				CLANG_WARN_CONSTANT_CONVERSION = YES;
				CLANG_WARN_DEPRECATED_OBJC_IMPLEMENTATIONS = YES;
				CLANG_WARN_DIRECT_OBJC_ISA_USAGE = YES_ERROR;
				CLANG_WARN_DOCUMENTATION_COMMENTS = YES;
				CLANG_WARN_EMPTY_BODY = YES;
				CLANG_WARN_ENUM_CONVERSION = YES;
				CLANG_WARN_INFINITE_RECURSION = YES;
				CLANG_WARN_INT_CONVERSION = YES;
				CLANG_WARN_NON_LITERAL_NULL_CONVERSION = YES;
				CLANG_WARN_OBJC_IMPLICIT_RETAIN_SELF = YES;
				CLANG_WARN_OBJC_LITERAL_CONVERSION = YES;
				CLANG_WARN_OBJC_ROOT_CLASS = YES_ERROR;
				CLANG_WARN_QUOTED_INCLUDE_IN_FRAMEWORK_HEADER = YES;
				CLANG_WARN_RANGE_LOOP_ANALYSIS = YES;
				CLANG_WARN_STRICT_PROTOTYPES = YES;
				CLANG_WARN_SUSPICIOUS_MOVE = YES;
				CLANG_WARN_UNGUARDED_AVAILABILITY = YES_AGGRESSIVE;
				CLANG_WARN_UNREACHABLE_CODE = YES;
				CLANG_WARN__DUPLICATE_METHOD_MATCH = YES;
				COPY_PHASE_STRIP = NO;
				DEBUG_INFORMATION_FORMAT = "dwarf-with-dsym";
				ENABLE_NS_ASSERTIONS = NO;
				ENABLE_STRICT_OBJC_MSGSEND = YES;
				ENABLE_USER_SCRIPT_SANDBOXING = YES;
				GCC_C_LANGUAGE_STANDARD = gnu17;
				GCC_NO_COMMON_BLOCKS = YES;
				GCC_WARN_64_TO_32_BIT_CONVERSION = YES;
				GCC_WARN_ABOUT_RETURN_TYPE = YES_ERROR;
				GCC_WARN_UNDECLARED_SELECTOR = YES;
				GCC_WARN_UNINITIALIZED_AUTOS = YES_AGGRESSIVE;
				GCC_WARN_UNUSED_FUNCTION = YES;
				GCC_WARN_UNUSED_VARIABLE = YES;
				IPHONEOS_DEPLOYMENT_TARGET = 17.2;
				LOCALIZATION_PREFERS_STRING_CATALOGS = YES;
				MTL_ENABLE_DEBUG_INFO = NO;
				MTL_FAST_MATH = YES;
				SDKROOT = iphoneos;
				SWIFT_COMPILATION_MODE = wholemodule;
				VALIDATE_PRODUCT = YES;
			};
			name = Release;
		};
		952BFD502BBEBC1300AF57DD /* Debug */ = {
			isa = XCBuildConfiguration;
			buildSettings = {
				ASSETCATALOG_COMPILER_APPICON_NAME = AppIcon;
				ASSETCATALOG_COMPILER_GLOBAL_ACCENT_COLOR_NAME = AccentColor;
				CODE_SIGN_STYLE = Automatic;
				CURRENT_PROJECT_VERSION = 1;
				DEVELOPMENT_ASSET_PATHS = "\"iOSDemoDominationColor/Preview Content\"";
				DEVELOPMENT_TEAM = TNTX3799P3;
				ENABLE_PREVIEWS = YES;
				GENERATE_INFOPLIST_FILE = YES;
				INFOPLIST_KEY_UIApplicationSceneManifest_Generation = YES;
				INFOPLIST_KEY_UIApplicationSupportsIndirectInputEvents = YES;
				INFOPLIST_KEY_UILaunchScreen_Generation = YES;
				INFOPLIST_KEY_UISupportedInterfaceOrientations = "UIInterfaceOrientationPortrait UIInterfaceOrientationPortraitUpsideDown";
				IPHONEOS_DEPLOYMENT_TARGET = 16.0;
				LD_RUNPATH_SEARCH_PATHS = (
					"$(inherited)",
					"@executable_path/Frameworks",
				);
				MARKETING_VERSION = 1.0;
				PRODUCT_BUNDLE_IDENTIFIER = DenisDmitriev.iOSDemoDominationColor;
				PRODUCT_NAME = "$(TARGET_NAME)";
				SWIFT_EMIT_LOC_STRINGS = YES;
				SWIFT_VERSION = 5.0;
				TARGETED_DEVICE_FAMILY = "1,2";
			};
			name = Debug;
		};
		952BFD512BBEBC1300AF57DD /* Release */ = {
			isa = XCBuildConfiguration;
			buildSettings = {
				ASSETCATALOG_COMPILER_APPICON_NAME = AppIcon;
				ASSETCATALOG_COMPILER_GLOBAL_ACCENT_COLOR_NAME = AccentColor;
				CODE_SIGN_STYLE = Automatic;
				CURRENT_PROJECT_VERSION = 1;
				DEVELOPMENT_ASSET_PATHS = "\"iOSDemoDominationColor/Preview Content\"";
				DEVELOPMENT_TEAM = TNTX3799P3;
				ENABLE_PREVIEWS = YES;
				GENERATE_INFOPLIST_FILE = YES;
				INFOPLIST_KEY_UIApplicationSceneManifest_Generation = YES;
				INFOPLIST_KEY_UIApplicationSupportsIndirectInputEvents = YES;
				INFOPLIST_KEY_UILaunchScreen_Generation = YES;
				INFOPLIST_KEY_UISupportedInterfaceOrientations = "UIInterfaceOrientationPortrait UIInterfaceOrientationPortraitUpsideDown";
				IPHONEOS_DEPLOYMENT_TARGET = 16.0;
				LD_RUNPATH_SEARCH_PATHS = (
					"$(inherited)",
					"@executable_path/Frameworks",
				);
				MARKETING_VERSION = 1.0;
				PRODUCT_BUNDLE_IDENTIFIER = DenisDmitriev.iOSDemoDominationColor;
				PRODUCT_NAME = "$(TARGET_NAME)";
				SWIFT_EMIT_LOC_STRINGS = YES;
				SWIFT_VERSION = 5.0;
				TARGETED_DEVICE_FAMILY = "1,2";
			};
			name = Release;
		};
/* End XCBuildConfiguration section */

/* Begin XCConfigurationList section */
		952BFD372BBEBC1200AF57DD /* Build configuration list for PBXProject "iOSDemoDominationColor" */ = {
			isa = XCConfigurationList;
			buildConfigurations = (
				952BFD4D2BBEBC1300AF57DD /* Debug */,
				952BFD4E2BBEBC1300AF57DD /* Release */,
			);
			defaultConfigurationIsVisible = 0;
			defaultConfigurationName = Release;
		};
		952BFD4F2BBEBC1300AF57DD /* Build configuration list for PBXNativeTarget "iOSDemoDominationColor" */ = {
			isa = XCConfigurationList;
			buildConfigurations = (
				952BFD502BBEBC1300AF57DD /* Debug */,
				952BFD512BBEBC1300AF57DD /* Release */,
			);
			defaultConfigurationIsVisible = 0;
			defaultConfigurationName = Release;
		};
/* End XCConfigurationList section */

/* Begin XCRemoteSwiftPackageReference section */
		952BFD552BBEBEDF00AF57DD /* XCRemoteSwiftPackageReference "DominantColors" */ = {
			isa = XCRemoteSwiftPackageReference;
			repositoryURL = "https://github.com/DenDmitriev/DominantColors";
			requirement = {
				kind = upToNextMajorVersion;
				minimumVersion = 1.1.1;
			};
		};
/* End XCRemoteSwiftPackageReference section */

/* Begin XCSwiftPackageProductDependency section */
		952BFD562BBEBEDF00AF57DD /* DominantColors */ = {
			isa = XCSwiftPackageProductDependency;
			package = 952BFD552BBEBEDF00AF57DD /* XCRemoteSwiftPackageReference "DominantColors" */;
			productName = DominantColors;
		};
/* End XCSwiftPackageProductDependency section */
	};
	rootObject = 952BFD342BBEBC1200AF57DD /* Project object */;
}
